{
    "_meta": {
        "hash": {
            "sha256": "fd919c2537d50848a0fc7ac4b4dfe5b52f83dc24ca4fd1d89cd589ab8b5ffe0e"
        },
        "pipfile-spec": 6,
        "requires": {
            "python_version": "3.6"
        },
        "sources": [
            {
                "name": "pypi",
                "url": "https://pypi.org/simple",
                "verify_ssl": true
            }
        ]
    },
    "default": {
        "aiocontextvars": {
            "hashes": [
                "sha256:885daf8261818767d8f7cbd79f9d4482d118f024b6586ef6e67980236a27bfa3",
                "sha256:f027372dc48641f683c559f247bd84962becaacdc9ba711d583c3871fb5652aa"
            ],
            "markers": "python_version < '3.7'",
            "version": "==0.2.2"
        },
        "colorlog": {
            "hashes": [
                "sha256:3cf31b25cbc8f86ec01fef582ef3b840950dea414084ed19ab922c8b493f9b42",
                "sha256:450f52ea2a2b6ebb308f034ea9a9b15cea51e65650593dca1da3eb792e4e4981"
            ],
            "version": "==4.0.2"
        },
        "contextvars": {
            "hashes": [
                "sha256:f38c908aaa59c14335eeea12abea5f443646216c4e29380d7bf34d2018e2c39e"
            ],
            "markers": "python_version < '3.7'",
            "version": "==2.4"
        },
        "immutables": {
            "hashes": [
                "sha256:10861f2a2b86139f0c91d5073392d76117f37e84f912dc47c943c23a64008cc7",
                "sha256:3e23eeb4bc55d57b2a97bef4c1a2891bbb731050b4167c855545797d45e84e45",
                "sha256:4373876879f147986808f71e6ca02380192a279e8b8d45832f6fed4e7f717562",
                "sha256:46f9122da033fecf84d7f4c6257aec780f370b20f3ce6bc521702b63ee3d99f7",
                "sha256:5104db6102e53702af45c6b0af36e45a80970123b11a80c14e0fce48444cdbe3",
                "sha256:59274bcb631f4fdc9731e9a4a96d16d96b3a17e29fd5e46516518f38406f678f",
                "sha256:65a9c624e50ca5c50464dbf432996b5c4f056a411bcff5690ef4cab59f913f99",
                "sha256:b64e0672497b884d21170ca61c693da8488d77f043650efa7911378cbbad0f2c",
                "sha256:b70655dba00742b033310933066a2202e1cfbbb0f63841b4597cd8787974b242",
                "sha256:c3d8c238a6f9b60355578579563773348674b6da63c1a0d7394384ed341f3d41",
                "sha256:cd66bcd11b6a1c1a80fb8d90e25870ff2d5c705ab5eb9666355a33d3fef6ac70",
                "sha256:d59310fc4f97c1ff8c3660cb98032db266ac0c285a86ca7a512e8e84a95f44c9",
                "sha256:d71d1c822498646143270580dd6f743bb31ab89ae0ded8b2307c356d3a00f1c0",
                "sha256:f53da698b42db83cfb1f5073560838051430798c8d8e34a57a27031edbc3041d",
                "sha256:f958ba15745e30d3a38e3c9fcead8496037135bb21c78c0f925c104abba3a6fa",
                "sha256:ff95e2aa618eed1a0ef4479938f18f3522c89562b9bbb59d677597c0337569dd"
            ],
            "version": "==0.9"
        },
        "janus": {
            "hashes": [
                "sha256:86878806559274376b83193bfd992ad94576d1024ddfc69cf1a908bf20d6b37d",
                "sha256:cfc221683160b91b35bae1917e2957b78dad10a2e634f4f8ed119ed72e2a88ef"
            ],
            "index": "pypi",
            "version": "==0.4.0"
        },
        "mode": {
            "hashes": [
                "sha256:73faf695b46d0ad29ad8000de579537f83f6c3e1da3e83b8502dc63681f3bc97",
                "sha256:8295ef115c3c233d19126012e881eabea0992790bb552ead851872b762979e10"
            ],
            "index": "pypi",
            "version": "==4.0.0"
        },
        "mypy-extensions": {
            "hashes": [
                "sha256:37e0e956f41369209a3d5f34580150bcacfabaa57b33a15c0b25f4b5725e0812",
                "sha256:b16cabe759f55e3409a7d231ebd2841378fb0c27a5d1994719e340e4f429ac3e"
            ],
            "version": "==0.4.1"
        },
        "pyserial": {
            "hashes": [
                "sha256:6e2d401fdee0eab996cf734e67773a0143b932772ca8b42451440cfed942c627",
                "sha256:e0770fadba80c31013896c7e6ef703f72e7834965954a78e71a3049488d4d7d8"
            ],
            "index": "pypi",
            "version": "==3.4"
        }
    },
    "develop": {}
}
